<Solution>
  <Project Path="BlocoTryCacth/BlocoTryCacth.csproj" Id="6cb646aa-c7b2-4317-bba5-98fb20a64ec8" />
  <Project Path="CamposEstáticos/CamposEstáticos.csproj" Id="034a4d2c-a85f-4602-b8c5-acd5cc80ed70" />
  <Project Path="ClasseEMetodo/ClasseEObjeto.csproj" />
  <Project Path="Construtor/Construtor.csproj" Id="3e7b88a0-9172-4b4f-bebe-5e83eccc1a8c" />
  <Project Path="Construtor2/Construtor2.csproj" Id="8920660b-f777-4ec5-8f67-973da3670f4b" />
  <Project Path="ConstrutorStatico/ConstrutorStatico.csproj" Id="eb8b9e47-0720-4606-afbe-7ca69190612e" />
  <Project Path="Enum/Enum.csproj" Id="100753dd-2859-450d-b648-74cac63fdc78" />
  <Project Path="ExemploPrática3/ExercícioPrático3.csproj" Id="b5afaf3c-0f28-4012-9b64-e3aab2de1984" />
  <Project Path="ExemploPrático/ExemploPrático.csproj" Id="cb701712-f1a1-4a65-9974-ded43e061a11" />
  <Project Path="ExemploPrático4/ExercícioPrático4.csproj" Id="1a899afd-88a1-4554-8f09-4d09d8d365e1" />
  <Project Path="ExercicioPratico1/ExercicioPratico1.csproj" Id="d311982f-c66a-427f-aa72-9a31f9436280" />
  <Project Path="ExercicioPratico2/ExercicioPratico2.csproj" Id="fb0ac4eb-149f-4216-a92f-dc5b83690be9" />
  <Project Path="ExercicioPratico5/ExercicioPratico5.csproj" Id="15e3dc0c-f9ee-4d0b-94f9-d7c0791f194a" />
  <Project Path="ExercicioPratico6/ExercicioPratico6.csproj" Id="4fa6869b-dd61-4013-8759-bc5a1a8d4850" />
  <Project Path="ExercicioPratico7/ExercicioPratico7.csproj" Id="a4a4197f-5e88-40c7-bfb2-d0ecb000a5db" />
  <Project Path="ExercícioPratico8/ExercícioPratico8.csproj" Id="12a5ac5e-2c4d-4391-9215-831ef408ddab" />
  <Project Path="ExercícioPratico9/ExercícioPratico9.csproj" Id="c7faaece-68a5-4134-860d-166041663416" />
  <Project Path="MetodoParametro/MetodoParametro.csproj" Id="558c3f56-7e28-452f-a70b-9891844d3bb1" />
  <Project Path="Metodos/Metodos.csproj" Id="a302acf6-de97-46f7-9767-407ef9f122d7" />
  <Project Path="Metodos2/Metodos2.csproj" Id="ba38de77-4b06-4bf9-95d7-52f013098635" />
  <Project Path="MetodosEstaticos/MetodosEstaticos.csproj" Id="eac208de-b0a5-4993-a870-99ccd320f85c" />
  <Project Path="NomeandoArgumentos/NomeandoArgumentos.csproj" Id="154e1f18-caa8-4e38-93a2-db880e643815" />
  <Project Path="PartialClass/PartialClass.csproj" Id="64df565a-bcc9-48fb-a28b-d391570c28f8" />
  <Project Path="ParâmetrosOpicionais/ParâmetrosOpicionais.csproj" Id="936c5cb0-b176-4940-864b-7fb36034a792" />
  <Project Path="PassandoArgumentoPorReferência/PassandoArgumentoPorReferência.csproj" Id="d1763ed2-5666-4e74-ab60-f18c3d9123e9" />
  <Project Path="PassandoArgumentoPorValor/PassandoArgumentoPorValor.csproj" Id="cbe30db2-e9ab-44b7-aa54-8ff72f37378b" />
  <Project Path="PropriedadesExercicio/PropriedadesExercicio.csproj" Id="05856d9d-57bf-47bb-a6ec-4b65e7a3238d" />
  <Project Path="SobrecargaDeMetodo/SobrecargaDeMetodo.csproj" Id="fbef35dd-81a3-4693-9500-65287af90800" />
  <Project Path="Struct/Struct.csproj" Id="09efafc0-9837-4fea-954b-87acff864802" />
  <Project Path="TiposAnonimos/TiposAnonimos.csproj" Id="22899766-ef99-4d31-9c51-5c0c9cb37776" />
  <Project Path="UsosDoThis/UsosDoThis.csproj" Id="23fb9f64-643b-4e85-ad90-37218780e361" />
  <Project Path="UsosDoThis2/UsosDoThis2.csproj" Id="c29d0aa6-32d6-4709-a9d3-5cee2a5015f7" />
</Solution>
